
Microsoft Visual Studio Solution File, Format Version 12.00
# Visual Studio 15
VisualStudioVersion = 15.0.27703.2047
MinimumVisualStudioVersion = 10.0.40219.1
Project("{FAE04EC0-301F-11D3-BF4B-00C04F79EFBC}") = "Moving Object with the Keyboard", "Moving Object with Arrow Keys\Moving Object with the Keyboard.csproj", "{8A11D74D-B7D5-40D8-83CA-01DEEFDBD87F}"
EndProject
Global
	GlobalSection(SolutionConfigurationPlatforms) = preSolution
		Debug|Any CPU = Debug|Any CPU
		Release|Any CPU = Release|Any CPU
	EndGlobalSection
	GlobalSection(ProjectConfigurationPlatforms) = postSolution
		{8A11D74D-B7D5-40D8-83CA-01DEEFDBD87F}.Debug|Any CPU.ActiveCfg = Debug|Any CPU
		{8A11D74D-B7D5-40D8-83CA-01DEEFDBD87F}.Debug|Any CPU.Build.0 = Debug|Any CPU
		{8A11D74D-B7D5-40D8-83CA-01DEEFDBD87F}.Release|Any CPU.ActiveCfg = Release|Any CPU
		{8A11D74D-B7D5-40D8-83CA-01DEEFDBD87F}.Release|Any CPU.Build.0 = Release|Any CPU
	EndGlobalSection
	GlobalSection(SolutionProperties) = preSolution
		HideSolutionNode = FALSE
	EndGlobalSection
	GlobalSection(ExtensibilityGlobals) = postSolution
		SolutionGuid = {4B99140F-DC99-40B6-A77D-246E2619A467}
	EndGlobalSection
EndGlobal
